Microsoft Visual Studio Solution File, Format Version 12.00
# Visual Studio Version 17
VisualStudioVersion = 17.5.2.0
MinimumVisualStudioVersion = 10.0.40219.1
Project("{FAE04EC0-301F-11D3-BF4B-00C04F79EFBC}") = "ChatSupportOnline.Api", "ChatSupportOnline.Api.csproj", "{3922CC2C-3A10-BD0D-085C-3A30DD2A4014}"
EndProject
Global
	GlobalSection(SolutionConfigurationPlatforms) = preSolution
		Debug|Any CPU = Debug|Any CPU
		Release|Any CPU = Release|Any CPU
	EndGlobalSection
	GlobalSection(ProjectConfigurationPlatforms) = postSolution
		{3922CC2C-3A10-BD0D-085C-3A30DD2A4014}.Debug|Any CPU.ActiveCfg = Debug|Any CPU
		{3922CC2C-3A10-BD0D-085C-3A30DD2A4014}.Debug|Any CPU.Build.0 = Debug|Any CPU
		{3922CC2C-3A10-BD0D-085C-3A30DD2A4014}.Release|Any CPU.ActiveCfg = Release|Any CPU
		{3922CC2C-3A10-BD0D-085C-3A30DD2A4014}.Release|Any CPU.Build.0 = Release|Any CPU
	EndGlobalSection
	GlobalSection(SolutionProperties) = preSolution
		HideSolutionNode = FALSE
	EndGlobalSection
	GlobalSection(ExtensibilityGlobals) = postSolution
		SolutionGuid = {53E27EEA-F472-4A97-8D85-DDC009AD4D1F}
	EndGlobalSection
EndGlobal
